
Microsoft Visual Studio Solution File, Format Version 12.00
# Visual Studio 2013
VisualStudioVersion = 12.0.31101.0
MinimumVisualStudioVersion = 10.0.40219.1
Project("{F184B08F-C81C-45F6-A57F-5ABD9991F28F}") = "SqlJobVis", "SqlJobVis\SqlJobVis.vbproj", "{FCB98312-2F22-4A82-AC52-C8305857BC79}"
EndProject
Project("{54435603-DBB4-11D2-8724-00A0C9A8B90C}") = "Installer", "Installer\Installer.vdproj", "{11242B33-F2AE-4992-AC9C-58FA4AE4519E}"
EndProject
Project("{F184B08F-C81C-45F6-A57F-5ABD9991F28F}") = "SQLsoftTools", "SQLsoftTools\SQLsoftTools.vbproj", "{74AA0E08-220F-4436-8F04-B9C26106371A}"
EndProject
Project("{2150E333-8FDC-42A3-9474-1A3956D46DE8}") = "tools", "tools", "{4A3B5781-6BBD-498E-8DB8-797F2BC79E6A}"
	ProjectSection(SolutionItems) = preProject
		tools\install.bat = tools\install.bat
	EndProjectSection
EndProject
Project("{2150E333-8FDC-42A3-9474-1A3956D46DE8}") = "references", "references", "{5663995E-A32B-48EC-93CC-7792D8F74469}"
	ProjectSection(SolutionItems) = preProject
		references\MDIWindowManager.dll = references\MDIWindowManager.dll
	EndProjectSection
EndProject
Project("{F184B08F-C81C-45F6-A57F-5ABD9991F28F}") = "SqlJobVis.Core", "SqlJobVis.Core\SqlJobVis.Core.vbproj", "{527FA469-F719-4665-9824-E43A94435039}"
EndProject
Global
	GlobalSection(SolutionConfigurationPlatforms) = preSolution
		Debug|Any CPU = Debug|Any CPU
		Release|Any CPU = Release|Any CPU
	EndGlobalSection
	GlobalSection(ProjectConfigurationPlatforms) = postSolution
		{FCB98312-2F22-4A82-AC52-C8305857BC79}.Debug|Any CPU.ActiveCfg = Debug|Any CPU
		{FCB98312-2F22-4A82-AC52-C8305857BC79}.Debug|Any CPU.Build.0 = Debug|Any CPU
		{FCB98312-2F22-4A82-AC52-C8305857BC79}.Release|Any CPU.ActiveCfg = Release|Any CPU
		{FCB98312-2F22-4A82-AC52-C8305857BC79}.Release|Any CPU.Build.0 = Release|Any CPU
		{11242B33-F2AE-4992-AC9C-58FA4AE4519E}.Debug|Any CPU.ActiveCfg = Debug
		{11242B33-F2AE-4992-AC9C-58FA4AE4519E}.Release|Any CPU.ActiveCfg = Release
		{11242B33-F2AE-4992-AC9C-58FA4AE4519E}.Release|Any CPU.Build.0 = Release
		{74AA0E08-220F-4436-8F04-B9C26106371A}.Debug|Any CPU.ActiveCfg = Debug|Any CPU
		{74AA0E08-220F-4436-8F04-B9C26106371A}.Debug|Any CPU.Build.0 = Debug|Any CPU
		{74AA0E08-220F-4436-8F04-B9C26106371A}.Release|Any CPU.ActiveCfg = Release|Any CPU
		{74AA0E08-220F-4436-8F04-B9C26106371A}.Release|Any CPU.Build.0 = Release|Any CPU
		{527FA469-F719-4665-9824-E43A94435039}.Debug|Any CPU.ActiveCfg = Debug|Any CPU
		{527FA469-F719-4665-9824-E43A94435039}.Debug|Any CPU.Build.0 = Debug|Any CPU
		{527FA469-F719-4665-9824-E43A94435039}.Release|Any CPU.ActiveCfg = Release|Any CPU
		{527FA469-F719-4665-9824-E43A94435039}.Release|Any CPU.Build.0 = Release|Any CPU
	EndGlobalSection
	GlobalSection(SolutionProperties) = preSolution
		HideSolutionNode = FALSE
	EndGlobalSection
EndGlobal
